{
  "object": {
    "pins": [
      {
        "package": "Rainbow",
        "repositoryURL": "https://github.com/onevcat/Rainbow",
        "state": {
          "branch": null,
          "revision": "9c52c1952e9b2305d4507cf473392ac2d7c9b155",
          "version": "3.1.5"
        }
      },
      {
        "package": "ShellOut",
        "repositoryURL": "https://github.com/JohnSundell/ShellOut.git",
        "state": {
          "branch": null,
          "revision": "e1577acf2b6e90086d01a6d5e2b8efdaae033568",
          "version": "2.3.0"
        }
      },
      {
        "package": "swift-argument-parser",
        "repositoryURL": "https://github.com/apple/swift-argument-parser",
        "state": {
          "branch": null,
          "revision": "eb51f949cdd0c9d88abba9ce79d37eb7ea1231d0",
          "version": "0.2.0"
        }
      },
      {
        "package": "SwiftSyntax",
        "repositoryURL": "https://github.com/apple/swift-syntax.git",
        "state": {
          "branch": null,
          "revision": "0688b9cfc4c3dd234e4f55f1f056b2affc849873",
          "version": "0.50200.0"
        }
      },
      {
        "package": "SwiftSemantics",
        "repositoryURL": "https://github.com/SwiftDocOrg/SwiftSemantics",
        "state": {
          "branch": null,
          "revision": "4fdc48bddbbb8311079ed111e5a4f2b92423b05c",
          "version": "0.1.0"
        }
      },
      {
        "package": "SwiftyJSON",
        "repositoryURL": "https://github.com/SwiftyJSON/SwiftyJSON.git",
        "state": {
          "branch": null,
          "revision": "2b6054efa051565954e1d2b9da831680026cd768",
          "version": "5.0.0"
        }
      }
    ]
  },
  "version": 1
}
